// !$*UTF8*$!
{
	archiveVersion = 1;
	classes = {
	};
	objectVersion = 46;
	objects = {

/* Begin PBXBuildFile section */
		B03AAD061B147EF50074E536 /* main.m in Sources */ = {isa = PBXBuildFile; fileRef = B03AAD051B147EF50074E536 /* main.m */; };
		B03AAD091B147EF50074E536 /* AppDelegate.m in Sources */ = {isa = PBXBuildFile; fileRef = B03AAD081B147EF50074E536 /* AppDelegate.m */; };
		B03AAD0C1B147EF50074E536 /* ViewController.m in Sources */ = {isa = PBXBuildFile; fileRef = B03AAD0B1B147EF50074E536 /* ViewController.m */; };
		B03AAD0F1B147EF50074E536 /* Main.storyboard in Resources */ = {isa = PBXBuildFile; fileRef = B03AAD0D1B147EF50074E536 /* Main.storyboard */; };
		B03AAD111B147EF50074E536 /* Images.xcassets in Resources */ = {isa = PBXBuildFile; fileRef = B03AAD101B147EF50074E536 /* Images.xcassets */; };
		B03AAD141B147EF50074E536 /* LaunchScreen.xib in Resources */ = {isa = PBXBuildFile; fileRef = B03AAD121B147EF50074E536 /* LaunchScreen.xib */; };
		B03AAD201B147EF50074E536 /* Tinynet_objcTests.m in Sources */ = {isa = PBXBuildFile; fileRef = B03AAD1F1B147EF50074E536 /* Tinynet_objcTests.m */; };
		B03AAD2B1B147F410074E536 /* Tinynet.m in Sources */ = {isa = PBXBuildFile; fileRef = B03AAD2A1B147F410074E536 /* Tinynet.m */; };
/* End PBXBuildFile section */

/* Begin PBXContainerItemProxy section */
		B03AAD1A1B147EF50074E536 /* PBXContainerItemProxy */ = {
			isa = PBXContainerItemProxy;
			containerPortal = B03AACF81B147EF50074E536 /* Project object */;
			proxyType = 1;
			remoteGlobalIDString = B03AACFF1B147EF50074E536;
			remoteInfo = Tinynet_objc;
		};
/* End PBXContainerItemProxy section */

/* Begin PBXFileReference section */
		B03AAD001B147EF50074E536 /* Tinynet_objc.app */ = {isa = PBXFileReference; explicitFileType = wrapper.application; includeInIndex = 0; path = Tinynet_objc.app; sourceTree = BUILT_PRODUCTS_DIR; };
		B03AAD041B147EF50074E536 /* Info.plist */ = {isa = PBXFileReference; lastKnownFileType = text.plist.xml; path = Info.plist; sourceTree = "<group>"; };
		B03AAD051B147EF50074E536 /* main.m */ = {isa = PBXFileReference; lastKnownFileType = sourcecode.c.objc; path = main.m; sourceTree = "<group>"; };
		B03AAD071B147EF50074E536 /* AppDelegate.h */ = {isa = PBXFileReference; lastKnownFileType = sourcecode.c.h; path = AppDelegate.h; sourceTree = "<group>"; };
		B03AAD081B147EF50074E536 /* AppDelegate.m */ = {isa = PBXFileReference; lastKnownFileType = sourcecode.c.objc; path = AppDelegate.m; sourceTree = "<group>"; };
		B03AAD0A1B147EF50074E536 /* ViewController.h */ = {isa = PBXFileReference; lastKnownFileType = sourcecode.c.h; path = ViewController.h; sourceTree = "<group>"; };
		B03AAD0B1B147EF50074E536 /* ViewController.m */ = {isa = PBXFileReference; lastKnownFileType = sourcecode.c.objc; path = ViewController.m; sourceTree = "<group>"; };
		B03AAD0E1B147EF50074E536 /* Base */ = {isa = PBXFileReference; lastKnownFileType = file.storyboard; name = Base; path = Base.lproj/Main.storyboard; sourceTree = "<group>"; };
		B03AAD101B147EF50074E536 /* Images.xcassets */ = {isa = PBXFileReference; lastKnownFileType = folder.assetcatalog; path = Images.xcassets; sourceTree = "<group>"; };
		B03AAD131B147EF50074E536 /* Base */ = {isa = PBXFileReference; lastKnownFileType = file.xib; name = Base; path = Base.lproj/LaunchScreen.xib; sourceTree = "<group>"; };
		B03AAD191B147EF50074E536 /* Tinynet_objcTests.xctest */ = {isa = PBXFileReference; explicitFileType = wrapper.cfbundle; includeInIndex = 0; path = Tinynet_objcTests.xctest; sourceTree = BUILT_PRODUCTS_DIR; };
		B03AAD1E1B147EF50074E536 /* Info.plist */ = {isa = PBXFileReference; lastKnownFileType = text.plist.xml; path = Info.plist; sourceTree = "<group>"; };
		B03AAD1F1B147EF50074E536 /* Tinynet_objcTests.m */ = {isa = PBXFileReference; lastKnownFileType = sourcecode.c.objc; path = Tinynet_objcTests.m; sourceTree = "<group>"; };
		B03AAD291B147F410074E536 /* Tinynet.h */ = {isa = PBXFileReference; fileEncoding = 4; lastKnownFileType = sourcecode.c.h; path = Tinynet.h; sourceTree = "<group>"; };
		B03AAD2A1B147F410074E536 /* Tinynet.m */ = {isa = PBXFileReference; fileEncoding = 4; lastKnownFileType = sourcecode.c.objc; path = Tinynet.m; sourceTree = "<group>"; };
/* End PBXFileReference section */

/* Begin PBXFrameworksBuildPhase section */
		B03AACFD1B147EF50074E536 /* Frameworks */ = {
			isa = PBXFrameworksBuildPhase;
			buildActionMask = 2147483647;
			files = (
			);
			runOnlyForDeploymentPostprocessing = 0;
		};
		B03AAD161B147EF50074E536 /* Frameworks */ = {
			isa = PBXFrameworksBuildPhase;
			buildActionMask = 2147483647;
			files = (
			);
			runOnlyForDeploymentPostprocessing = 0;
		};
/* End PBXFrameworksBuildPhase section */

/* Begin PBXGroup section */
		B03AACF71B147EF50074E536 = {
			isa = PBXGroup;
			children = (
				B03AAD021B147EF50074E536 /* Tinynet_objc */,
				B03AAD1C1B147EF50074E536 /* Tinynet_objcTests */,
				B03AAD011B147EF50074E536 /* Products */,
			);
			sourceTree = "<group>";
		};
		B03AAD011B147EF50074E536 /* Products */ = {
			isa = PBXGroup;
			children = (
				B03AAD001B147EF50074E536 /* Tinynet_objc.app */,
				B03AAD191B147EF50074E536 /* Tinynet_objcTests.xctest */,
			);
			name = Products;
			sourceTree = "<group>";
		};
		B03AAD021B147EF50074E536 /* Tinynet_objc */ = {
			isa = PBXGroup;
			children = (
				B03AAD071B147EF50074E536 /* AppDelegate.h */,
				B03AAD081B147EF50074E536 /* AppDelegate.m */,
				B03AAD0A1B147EF50074E536 /* ViewController.h */,
				B03AAD0B1B147EF50074E536 /* ViewController.m */,
				B03AAD291B147F410074E536 /* Tinynet.h */,
				B03AAD2A1B147F410074E536 /* Tinynet.m */,
				B03AAD0D1B147EF50074E536 /* Main.storyboard */,
				B03AAD101B147EF50074E536 /* Images.xcassets */,
				B03AAD121B147EF50074E536 /* LaunchScreen.xib */,
				B03AAD031B147EF50074E536 /* Supporting Files */,
			);
			path = Tinynet_objc;
			sourceTree = "<group>";
		};
		B03AAD031B147EF50074E536 /* Supporting Files */ = {
			isa = PBXGroup;
			children = (
				B03AAD041B147EF50074E536 /* Info.plist */,
				B03AAD051B147EF50074E536 /* main.m */,
			);
			name = "Supporting Files";
			sourceTree = "<group>";
		};
		B03AAD1C1B147EF50074E536 /* Tinynet_objcTests */ = {
			isa = PBXGroup;
			children = (
				B03AAD1F1B147EF50074E536 /* Tinynet_objcTests.m */,
				B03AAD1D1B147EF50074E536 /* Supporting Files */,
			);
			path = Tinynet_objcTests;
			sourceTree = "<group>";
		};
		B03AAD1D1B147EF50074E536 /* Supporting Files */ = {
			isa = PBXGroup;
			children = (
				B03AAD1E1B147EF50074E536 /* Info.plist */,
			);
			name = "Supporting Files";
			sourceTree = "<group>";
		};
/* End PBXGroup section */

/* Begin PBXNativeTarget section */
		B03AACFF1B147EF50074E536 /* Tinynet_objc */ = {
			isa = PBXNativeTarget;
			buildConfigurationList = B03AAD231B147EF50074E536 /* Build configuration list for PBXNativeTarget "Tinynet_objc" */;
			buildPhases = (
				B03AACFC1B147EF50074E536 /* Sources */,
				B03AACFD1B147EF50074E536 /* Frameworks */,
				B03AACFE1B147EF50074E536 /* Resources */,
			);
			buildRules = (
			);
			dependencies = (
			);
			name = Tinynet_objc;
			productName = Tinynet_objc;
			productReference = B03AAD001B147EF50074E536 /* Tinynet_objc.app */;
			productType = "com.apple.product-type.application";
		};
		B03AAD181B147EF50074E536 /* Tinynet_objcTests */ = {
			isa = PBXNativeTarget;
			buildConfigurationList = B03AAD261B147EF50074E536 /* Build configuration list for PBXNativeTarget "Tinynet_objcTests" */;
			buildPhases = (
				B03AAD151B147EF50074E536 /* Sources */,
				B03AAD161B147EF50074E536 /* Frameworks */,
				B03AAD171B147EF50074E536 /* Resources */,
			);
			buildRules = (
			);
			dependencies = (
				B03AAD1B1B147EF50074E536 /* PBXTargetDependency */,
			);
			name = Tinynet_objcTests;
			productName = Tinynet_objcTests;
			productReference = B03AAD191B147EF50074E536 /* Tinynet_objcTests.xctest */;
			productType = "com.apple.product-type.bundle.unit-test";
		};
/* End PBXNativeTarget section */

/* Begin PBXProject section */
		B03AACF81B147EF50074E536 /* Project object */ = {
			isa = PBXProject;
			attributes = {
				LastUpgradeCheck = 0630;
				ORGANIZATIONNAME = wayne;
				TargetAttributes = {
					B03AACFF1B147EF50074E536 = {
						CreatedOnToolsVersion = 6.3.2;
					};
					B03AAD181B147EF50074E536 = {
						CreatedOnToolsVersion = 6.3.2;
						TestTargetID = B03AACFF1B147EF50074E536;
					};
				};
			};
			buildConfigurationList = B03AACFB1B147EF50074E536 /* Build configuration list for PBXProject "Tinynet_objc" */;
			compatibilityVersion = "Xcode 3.2";
			developmentRegion = English;
			hasScannedForEncodings = 0;
			knownRegions = (
				en,
				Base,
			);
			mainGroup = B03AACF71B147EF50074E536;
			productRefGroup = B03AAD011B147EF50074E536 /* Products */;
			projectDirPath = "";
			projectRoot = "";
			targets = (
				B03AACFF1B147EF50074E536 /* Tinynet_objc */,
				B03AAD181B147EF50074E536 /* Tinynet_objcTests */,
			);
		};
/* End PBXProject section */

/* Begin PBXResourcesBuildPhase section */
		B03AACFE1B147EF50074E536 /* Resources */ = {
			isa = PBXResourcesBuildPhase;
			buildActionMask = 2147483647;
			files = (
				B03AAD0F1B147EF50074E536 /* Main.storyboard in Resources */,
				B03AAD141B147EF50074E536 /* LaunchScreen.xib in Resources */,
				B03AAD111B147EF50074E536 /* Images.xcassets in Resources */,
			);
			runOnlyForDeploymentPostprocessing = 0;
		};
		B03AAD171B147EF50074E536 /* Resources */ = {
			isa = PBXResourcesBuildPhase;
			buildActionMask = 2147483647;
			files = (
			);
			runOnlyForDeploymentPostprocessing = 0;
		};
/* End PBXResourcesBuildPhase section */

/* Begin PBXSourcesBuildPhase section */
		B03AACFC1B147EF50074E536 /* Sources */ = {
			isa = PBXSourcesBuildPhase;
			buildActionMask = 2147483647;
			files = (
				B03AAD0C1B147EF50074E536 /* ViewController.m in Sources */,
				B03AAD091B147EF50074E536 /* AppDelegate.m in Sources */,
				B03AAD061B147EF50074E536 /* main.m in Sources */,
				B03AAD2B1B147F410074E536 /* Tinynet.m in Sources */,
			);
			runOnlyForDeploymentPostprocessing = 0;
		};
		B03AAD151B147EF50074E536 /* Sources */ = {
			isa = PBXSourcesBuildPhase;
			buildActionMask = 2147483647;
			files = (
				B03AAD201B147EF50074E536 /* Tinynet_objcTests.m in Sources */,
			);
			runOnlyForDeploymentPostprocessing = 0;
		};
/* End PBXSourcesBuildPhase section */

/* Begin PBXTargetDependency section */
		B03AAD1B1B147EF50074E536 /* PBXTargetDependency */ = {
			isa = PBXTargetDependency;
			target = B03AACFF1B147EF50074E536 /* Tinynet_objc */;
			targetProxy = B03AAD1A1B147EF50074E536 /* PBXContainerItemProxy */;
		};
/* End PBXTargetDependency section */

/* Begin PBXVariantGroup section */
		B03AAD0D1B147EF50074E536 /* Main.storyboard */ = {
			isa = PBXVariantGroup;
			children = (
				B03AAD0E1B147EF50074E536 /* Base */,
			);
			name = Main.storyboard;
			sourceTree = "<group>";
		};
		B03AAD121B147EF50074E536 /* LaunchScreen.xib */ = {
			isa = PBXVariantGroup;
			children = (
				B03AAD131B147EF50074E536 /* Base */,
			);
			name = LaunchScreen.xib;
			sourceTree = "<group>";
		};
/* End PBXVariantGroup section */

/* Begin XCBuildConfiguration section */
		B03AAD211B147EF50074E536 /* Debug */ = {
			isa = XCBuildConfiguration;
			buildSettings = {
				ALWAYS_SEARCH_USER_PATHS = NO;
				CLANG_CXX_LANGUAGE_STANDARD = "gnu++0x";
				CLANG_CXX_LIBRARY = "libc++";
				CLANG_ENABLE_MODULES = YES;
				CLANG_ENABLE_OBJC_ARC = YES;
				CLANG_WARN_BOOL_CONVERSION = YES;
				CLANG_WARN_CONSTANT_CONVERSION = YES;
				CLANG_WARN_DIRECT_OBJC_ISA_USAGE = YES_ERROR;
				CLANG_WARN_EMPTY_BODY = YES;
				CLANG_WARN_ENUM_CONVERSION = YES;
				CLANG_WARN_INT_CONVERSION = YES;
				CLANG_WARN_OBJC_ROOT_CLASS = YES_ERROR;
				CLANG_WARN_UNREACHABLE_CODE = YES;
				CLANG_WARN__DUPLICATE_METHOD_MATCH = YES;
				"CODE_SIGN_IDENTITY[sdk=iphoneos*]" = "iPhone Developer";
				COPY_PHASE_STRIP = NO;
				DEBUG_INFORMATION_FORMAT = "dwarf-with-dsym";
				ENABLE_STRICT_OBJC_MSGSEND = YES;
				GCC_C_LANGUAGE_STANDARD = gnu99;
				GCC_DYNAMIC_NO_PIC = NO;
				GCC_NO_COMMON_BLOCKS = YES;
				GCC_OPTIMIZATION_LEVEL = 0;
				GCC_PREPROCESSOR_DEFINITIONS = (
					"DEBUG=1",
					"$(inherited)",
				);
				GCC_SYMBOLS_PRIVATE_EXTERN = NO;
				GCC_WARN_64_TO_32_BIT_CONVERSION = YES;
				GCC_WARN_ABOUT_RETURN_TYPE = YES_ERROR;
				GCC_WARN_UNDECLARED_SELECTOR = YES;
				GCC_WARN_UNINITIALIZED_AUTOS = YES_AGGRESSIVE;
				GCC_WARN_UNUSED_FUNCTION = YES;
				GCC_WARN_UNUSED_VARIABLE = YES;
				IPHONEOS_DEPLOYMENT_TARGET = 8.3;
				MTL_ENABLE_DEBUG_INFO = YES;
				ONLY_ACTIVE_ARCH = YES;
				SDKROOT = iphoneos;
				TARGETED_DEVICE_FAMILY = "1,2";
			};
			name = Debug;
		};
		B03AAD221B147EF50074E536 /* Release */ = {
			isa = XCBuildConfiguration;
			buildSettings = {
				ALWAYS_SEARCH_USER_PATHS = NO;
				CLANG_CXX_LANGUAGE_STANDARD = "gnu++0x";
				CLANG_CXX_LIBRARY = "libc++";
				CLANG_ENABLE_MODULES = YES;
				CLANG_ENABLE_OBJC_ARC = YES;
				CLANG_WARN_BOOL_CONVERSION = YES;
				CLANG_WARN_CONSTANT_CONVERSION = YES;
				CLANG_WARN_DIRECT_OBJC_ISA_USAGE = YES_ERROR;
				CLANG_WARN_EMPTY_BODY = YES;
				CLANG_WARN_ENUM_CONVERSION = YES;
				CLANG_WARN_INT_CONVERSION = YES;
				CLANG_WARN_OBJC_ROOT_CLASS = YES_ERROR;
				CLANG_WARN_UNREACHABLE_CODE = YES;
				CLANG_WARN__DUPLICATE_METHOD_MATCH = YES;
				"CODE_SIGN_IDENTITY[sdk=iphoneos*]" = "iPhone Developer";
				COPY_PHASE_STRIP = NO;
				DEBUG_INFORMATION_FORMAT = "dwarf-with-dsym";
				ENABLE_NS_ASSERTIONS = NO;
				ENABLE_STRICT_OBJC_MSGSEND = YES;
				GCC_C_LANGUAGE_STANDARD = gnu99;
				GCC_NO_COMMON_BLOCKS = YES;
				GCC_WARN_64_TO_32_BIT_CONVERSION = YES;
				GCC_WARN_ABOUT_RETURN_TYPE = YES_ERROR;
				GCC_WARN_UNDECLARED_SELECTOR = YES;
				GCC_WARN_UNINITIALIZED_AUTOS = YES_AGGRESSIVE;
				GCC_WARN_UNUSED_FUNCTION = YES;
				GCC_WARN_UNUSED_VARIABLE = YES;
				IPHONEOS_DEPLOYMENT_TARGET = 8.3;
				MTL_ENABLE_DEBUG_INFO = NO;
				SDKROOT = iphoneos;
				TARGETED_DEVICE_FAMILY = "1,2";
				VALIDATE_PRODUCT = YES;
			};
			name = Release;
		};
		B03AAD241B147EF50074E536 /* Debug */ = {
			isa = XCBuildConfiguration;
			buildSettings = {
				ASSETCATALOG_COMPILER_APPICON_NAME = AppIcon;
				INFOPLIST_FILE = Tinynet_objc/Info.plist;
				LD_RUNPATH_SEARCH_PATHS = "$(inherited) @executable_path/Frameworks";
				PRODUCT_NAME = "$(TARGET_NAME)";
			};
			name = Debug;
		};
		B03AAD251B147EF50074E536 /* Release */ = {
			isa = XCBuildConfiguration;
			buildSettings = {
				ASSETCATALOG_COMPILER_APPICON_NAME = AppIcon;
				INFOPLIST_FILE = Tinynet_objc/Info.plist;
				LD_RUNPATH_SEARCH_PATHS = "$(inherited) @executable_path/Frameworks";
				PRODUCT_NAME = "$(TARGET_NAME)";
			};
			name = Release;
		};
		B03AAD271B147EF50074E536 /* Debug */ = {
			isa = XCBuildConfiguration;
			buildSettings = {
				BUNDLE_LOADER = "$(TEST_HOST)";
				FRAMEWORK_SEARCH_PATHS = (
					"$(SDKROOT)/Developer/Library/Frameworks",
					"$(inherited)",
				);
				GCC_PREPROCESSOR_DEFINITIONS = (
					"DEBUG=1",
					"$(inherited)",
				);
				INFOPLIST_FILE = Tinynet_objcTests/Info.plist;
				LD_RUNPATH_SEARCH_PATHS = "$(inherited) @executable_path/Frameworks @loader_path/Frameworks";
				PRODUCT_NAME = "$(TARGET_NAME)";
				TEST_HOST = "$(BUILT_PRODUCTS_DIR)/Tinynet_objc.app/Tinynet_objc";
			};
			name = Debug;
		};
		B03AAD281B147EF50074E536 /* Release */ = {
			isa = XCBuildConfiguration;
			buildSettings = {
				BUNDLE_LOADER = "$(TEST_HOST)";
				FRAMEWORK_SEARCH_PATHS = (
					"$(SDKROOT)/Developer/Library/Frameworks",
					"$(inherited)",
				);
				INFOPLIST_FILE = Tinynet_objcTests/Info.plist;
				LD_RUNPATH_SEARCH_PATHS = "$(inherited) @executable_path/Frameworks @loader_path/Frameworks";
				PRODUCT_NAME = "$(TARGET_NAME)";
				TEST_HOST = "$(BUILT_PRODUCTS_DIR)/Tinynet_objc.app/Tinynet_objc";
			};
			name = Release;
		};
/* End XCBuildConfiguration section */

/* Begin XCConfigurationList section */
		B03AACFB1B147EF50074E536 /* Build configuration list for PBXProject "Tinynet_objc" */ = {
			isa = XCConfigurationList;
			buildConfigurations = (
				B03AAD211B147EF50074E536 /* Debug */,
				B03AAD221B147EF50074E536 /* Release */,
			);
			defaultConfigurationIsVisible = 0;
			defaultConfigurationName = Release;
		};
		B03AAD231B147EF50074E536 /* Build configuration list for PBXNativeTarget "Tinynet_objc" */ = {
			isa = XCConfigurationList;
			buildConfigurations = (
				B03AAD241B147EF50074E536 /* Debug */,
				B03AAD251B147EF50074E536 /* Release */,
			);
			defaultConfigurationIsVisible = 0;
			defaultConfigurationName = Release;
		};
		B03AAD261B147EF50074E536 /* Build configuration list for PBXNativeTarget "Tinynet_objcTests" */ = {
			isa = XCConfigurationList;
			buildConfigurations = (
				B03AAD271B147EF50074E536 /* Debug */,
				B03AAD281B147EF50074E536 /* Release */,
			);
			defaultConfigurationIsVisible = 0;
			defaultConfigurationName = Release;
		};
/* End XCConfigurationList section */
	};
	rootObject = B03AACF81B147EF50074E536 /* Project object */;
}
